{
	"name": "@clean/core",
	"version": "1.0.0",
	"lockfileVersion": 2,
	"requires": true,
	"packages": {
		"": {
			"name": "@clean/core",
			"version": "1.0.0",
			"license": "ISC",
			"dependencies": {
				"inversify": "^6.0.1"
			},
			"devDependencies": {
				"@types/node": "^18.0.0",
				"typescript": "^4.7.3"
			}
		},
		"node_modules/@types/node": {
			"version": "18.0.0",
			"resolved": "https://registry.npmjs.org/@types/node/-/node-18.0.0.tgz",
			"integrity": "sha512-cHlGmko4gWLVI27cGJntjs/Sj8th9aYwplmZFwmmgYQQvL5NUsgVJG7OddLvNfLqYS31KFN0s3qlaD9qCaxACA==",
			"dev": true
		},
		"node_modules/inversify": {
			"version": "6.0.1",
			"resolved": "https://registry.npmjs.org/inversify/-/inversify-6.0.1.tgz",
			"integrity": "sha512-B3ex30927698TJENHR++8FfEaJGqoWOgI6ZY5Ht/nLUsFCwHn6akbwtnUAPCgUepAnTpe2qHxhDNjoKLyz6rgQ=="
		},
		"node_modules/typescript": {
			"version": "4.7.3",
			"resolved": "https://registry.npmjs.org/typescript/-/typescript-4.7.3.tgz",
			"integrity": "sha512-WOkT3XYvrpXx4vMMqlD+8R8R37fZkjyLGlxavMc4iB8lrl8L0DeTcHbYgw/v0N/z9wAFsgBhcsF0ruoySS22mA==",
			"dev": true,
			"bin": {
				"tsc": "bin/tsc",
				"tsserver": "bin/tsserver"
			},
			"engines": {
				"node": ">=4.2.0"
			}
		}
	},
	"dependencies": {
		"@types/node": {
			"version": "18.0.0",
			"resolved": "https://registry.npmjs.org/@types/node/-/node-18.0.0.tgz",
			"integrity": "sha512-cHlGmko4gWLVI27cGJntjs/Sj8th9aYwplmZFwmmgYQQvL5NUsgVJG7OddLvNfLqYS31KFN0s3qlaD9qCaxACA==",
			"dev": true
		},
		"inversify": {
			"version": "6.0.1",
			"resolved": "https://registry.npmjs.org/inversify/-/inversify-6.0.1.tgz",
			"integrity": "sha512-B3ex30927698TJENHR++8FfEaJGqoWOgI6ZY5Ht/nLUsFCwHn6akbwtnUAPCgUepAnTpe2qHxhDNjoKLyz6rgQ=="
		},
		"typescript": {
			"version": "4.7.3",
			"resolved": "https://registry.npmjs.org/typescript/-/typescript-4.7.3.tgz",
			"integrity": "sha512-WOkT3XYvrpXx4vMMqlD+8R8R37fZkjyLGlxavMc4iB8lrl8L0DeTcHbYgw/v0N/z9wAFsgBhcsF0ruoySS22mA==",
			"dev": true
		}
	}
}
